
Microsoft Visual Studio Solution File, Format Version 12.00
# Visual Studio 14
VisualStudioVersion = 14.0.25420.1
MinimumVisualStudioVersion = 10.0.40219.1
Project("{FAE04EC0-301F-11D3-BF4B-00C04F79EFBC}") = "Xenos", "Xenos\Xenos.csproj", "{9FFB6122-7317-4634-B9DA-A58BD842BBEE}"
EndProject
Project("{FAE04EC0-301F-11D3-BF4B-00C04F79EFBC}") = "Xenos.Tests", "Xenos.Tests\Xenos.Tests.csproj", "{210A0937-0973-47D5-A3C7-F42388574C90}"
EndProject
Project("{2150E333-8FDC-42A3-9474-1A3956D46DE8}") = "Solution Items", "Solution Items", "{39279708-7D45-43D9-8387-39A4F8FA7FB0}"
	ProjectSection(SolutionItems) = preProject
		readme.md = readme.md
	EndProjectSection
EndProject
Global
	GlobalSection(SolutionConfigurationPlatforms) = preSolution
		Debug|Any CPU = Debug|Any CPU
		Release|Any CPU = Release|Any CPU
	EndGlobalSection
	GlobalSection(ProjectConfigurationPlatforms) = postSolution
		{9FFB6122-7317-4634-B9DA-A58BD842BBEE}.Debug|Any CPU.ActiveCfg = Debug|Any CPU
		{9FFB6122-7317-4634-B9DA-A58BD842BBEE}.Debug|Any CPU.Build.0 = Debug|Any CPU
		{9FFB6122-7317-4634-B9DA-A58BD842BBEE}.Release|Any CPU.ActiveCfg = Release|Any CPU
		{9FFB6122-7317-4634-B9DA-A58BD842BBEE}.Release|Any CPU.Build.0 = Release|Any CPU
		{210A0937-0973-47D5-A3C7-F42388574C90}.Debug|Any CPU.ActiveCfg = Debug|Any CPU
		{210A0937-0973-47D5-A3C7-F42388574C90}.Debug|Any CPU.Build.0 = Debug|Any CPU
		{210A0937-0973-47D5-A3C7-F42388574C90}.Release|Any CPU.ActiveCfg = Release|Any CPU
		{210A0937-0973-47D5-A3C7-F42388574C90}.Release|Any CPU.Build.0 = Release|Any CPU
	EndGlobalSection
	GlobalSection(SolutionProperties) = preSolution
		HideSolutionNode = FALSE
	EndGlobalSection
EndGlobal
